// !$*UTF8*$!
{
	archiveVersion = 1;
	classes = {
	};
	objectVersion = 51;
	objects = {

/* Begin PBXBuildFile section */
		27DDA6DAB25C795E3B546E49 /* Pods_TheMusicApp.framework in Frameworks */ = {isa = PBXBuildFile; fileRef = 99B65C44B2FA0F6C54BF8A37 /* Pods_TheMusicApp.framework */; };
		3CD3781C3FEC97970BF7FAA8 /* Pods_TheMusicAppTests.framework in Frameworks */ = {isa = PBXBuildFile; fileRef = 1677EB6C03A181B73EEC5E8B /* Pods_TheMusicAppTests.framework */; };
		400989F3A4AFBA0AD1C24C0E /* Pods_TheMusicApp_TheMusicAppUITests.framework in Frameworks */ = {isa = PBXBuildFile; fileRef = 222FF561B080F4E953642056 /* Pods_TheMusicApp_TheMusicAppUITests.framework */; };
		DCA3B77026B9807E00FC149F /* Data.swift in Sources */ = {isa = PBXBuildFile; fileRef = DCA3B76F26B9807E00FC149F /* Data.swift */; };
		DCC55F4626B9227B00D30F87 /* TheMusicAppApp.swift in Sources */ = {isa = PBXBuildFile; fileRef = DCC55F4526B9227B00D30F87 /* TheMusicAppApp.swift */; };
		DCC55F4826B9227B00D30F87 /* ContentView.swift in Sources */ = {isa = PBXBuildFile; fileRef = DCC55F4726B9227B00D30F87 /* ContentView.swift */; };
		DCC55F4A26B9227D00D30F87 /* Assets.xcassets in Resources */ = {isa = PBXBuildFile; fileRef = DCC55F4926B9227D00D30F87 /* Assets.xcassets */; };
		DCC55F4D26B9227D00D30F87 /* Preview Assets.xcassets in Resources */ = {isa = PBXBuildFile; fileRef = DCC55F4C26B9227D00D30F87 /* Preview Assets.xcassets */; };
		DCC55F5826B9227D00D30F87 /* TheMusicAppTests.swift in Sources */ = {isa = PBXBuildFile; fileRef = DCC55F5726B9227D00D30F87 /* TheMusicAppTests.swift */; };
		DCC55F6326B9227D00D30F87 /* TheMusicAppUITests.swift in Sources */ = {isa = PBXBuildFile; fileRef = DCC55F6226B9227D00D30F87 /* TheMusicAppUITests.swift */; };
		DCC55F7126B922D400D30F87 /* MusicBrain.swift in Sources */ = {isa = PBXBuildFile; fileRef = DCC55F7026B922D400D30F87 /* MusicBrain.swift */; };
		DCC55F7326B9406000D30F87 /* BlurEffect.swift in Sources */ = {isa = PBXBuildFile; fileRef = DCC55F7226B9406000D30F87 /* BlurEffect.swift */; };
		DCC55F7526B94BD300D30F87 /* PlayerView.swift in Sources */ = {isa = PBXBuildFile; fileRef = DCC55F7426B94BD300D30F87 /* PlayerView.swift */; };
		DCC55F7926B95E5300D30F87 /* GoogleService-Info.plist in Resources */ = {isa = PBXBuildFile; fileRef = DCC55F7826B95E5300D30F87 /* GoogleService-Info.plist */; };
/* End PBXBuildFile section */

/* Begin PBXContainerItemProxy section */
		DCC55F5426B9227D00D30F87 /* PBXContainerItemProxy */ = {
			isa = PBXContainerItemProxy;
			containerPortal = DCC55F3A26B9227B00D30F87 /* Project object */;
			proxyType = 1;
			remoteGlobalIDString = DCC55F4126B9227B00D30F87;
			remoteInfo = TheMusicApp;
		};
		DCC55F5F26B9227D00D30F87 /* PBXContainerItemProxy */ = {
			isa = PBXContainerItemProxy;
			containerPortal = DCC55F3A26B9227B00D30F87 /* Project object */;
			proxyType = 1;
			remoteGlobalIDString = DCC55F4126B9227B00D30F87;
			remoteInfo = TheMusicApp;
		};
/* End PBXContainerItemProxy section */

/* Begin PBXFileReference section */
		0382E05155D6607BA4290C76 /* Pods-TheMusicApp.release.xcconfig */ = {isa = PBXFileReference; includeInIndex = 1; lastKnownFileType = text.xcconfig; name = "Pods-TheMusicApp.release.xcconfig"; path = "Target Support Files/Pods-TheMusicApp/Pods-TheMusicApp.release.xcconfig"; sourceTree = "<group>"; };
		1677EB6C03A181B73EEC5E8B /* Pods_TheMusicAppTests.framework */ = {isa = PBXFileReference; explicitFileType = wrapper.framework; includeInIndex = 0; path = Pods_TheMusicAppTests.framework; sourceTree = BUILT_PRODUCTS_DIR; };
		222FF561B080F4E953642056 /* Pods_TheMusicApp_TheMusicAppUITests.framework */ = {isa = PBXFileReference; explicitFileType = wrapper.framework; includeInIndex = 0; path = Pods_TheMusicApp_TheMusicAppUITests.framework; sourceTree = BUILT_PRODUCTS_DIR; };
		26267F8070F2AEA026851428 /* Pods-TheMusicApp-TheMusicAppUITests.release.xcconfig */ = {isa = PBXFileReference; includeInIndex = 1; lastKnownFileType = text.xcconfig; name = "Pods-TheMusicApp-TheMusicAppUITests.release.xcconfig"; path = "Target Support Files/Pods-TheMusicApp-TheMusicAppUITests/Pods-TheMusicApp-TheMusicAppUITests.release.xcconfig"; sourceTree = "<group>"; };
		949E16599171D2B7FA441107 /* Pods-TheMusicApp.debug.xcconfig */ = {isa = PBXFileReference; includeInIndex = 1; lastKnownFileType = text.xcconfig; name = "Pods-TheMusicApp.debug.xcconfig"; path = "Target Support Files/Pods-TheMusicApp/Pods-TheMusicApp.debug.xcconfig"; sourceTree = "<group>"; };
		99B65C44B2FA0F6C54BF8A37 /* Pods_TheMusicApp.framework */ = {isa = PBXFileReference; explicitFileType = wrapper.framework; includeInIndex = 0; path = Pods_TheMusicApp.framework; sourceTree = BUILT_PRODUCTS_DIR; };
		AB1B7E75EC8EC38D8B863403 /* Pods-TheMusicAppTests.release.xcconfig */ = {isa = PBXFileReference; includeInIndex = 1; lastKnownFileType = text.xcconfig; name = "Pods-TheMusicAppTests.release.xcconfig"; path = "Target Support Files/Pods-TheMusicAppTests/Pods-TheMusicAppTests.release.xcconfig"; sourceTree = "<group>"; };
		D0DAE3E019F56FA551F4DC08 /* Pods-TheMusicApp-TheMusicAppUITests.debug.xcconfig */ = {isa = PBXFileReference; includeInIndex = 1; lastKnownFileType = text.xcconfig; name = "Pods-TheMusicApp-TheMusicAppUITests.debug.xcconfig"; path = "Target Support Files/Pods-TheMusicApp-TheMusicAppUITests/Pods-TheMusicApp-TheMusicAppUITests.debug.xcconfig"; sourceTree = "<group>"; };
		DCA3B76F26B9807E00FC149F /* Data.swift */ = {isa = PBXFileReference; lastKnownFileType = sourcecode.swift; path = Data.swift; sourceTree = "<group>"; };
		DCC55F4226B9227B00D30F87 /* TheMusicApp.app */ = {isa = PBXFileReference; explicitFileType = wrapper.application; includeInIndex = 0; path = TheMusicApp.app; sourceTree = BUILT_PRODUCTS_DIR; };
		DCC55F4526B9227B00D30F87 /* TheMusicAppApp.swift */ = {isa = PBXFileReference; lastKnownFileType = sourcecode.swift; path = TheMusicAppApp.swift; sourceTree = "<group>"; };
		DCC55F4726B9227B00D30F87 /* ContentView.swift */ = {isa = PBXFileReference; lastKnownFileType = sourcecode.swift; path = ContentView.swift; sourceTree = "<group>"; };
		DCC55F4926B9227D00D30F87 /* Assets.xcassets */ = {isa = PBXFileReference; lastKnownFileType = folder.assetcatalog; path = Assets.xcassets; sourceTree = "<group>"; };
		DCC55F4C26B9227D00D30F87 /* Preview Assets.xcassets */ = {isa = PBXFileReference; lastKnownFileType = folder.assetcatalog; path = "Preview Assets.xcassets"; sourceTree = "<group>"; };
		DCC55F4E26B9227D00D30F87 /* Info.plist */ = {isa = PBXFileReference; lastKnownFileType = text.plist.xml; path = Info.plist; sourceTree = "<group>"; };
		DCC55F5326B9227D00D30F87 /* TheMusicAppTests.xctest */ = {isa = PBXFileReference; explicitFileType = wrapper.cfbundle; includeInIndex = 0; path = TheMusicAppTests.xctest; sourceTree = BUILT_PRODUCTS_DIR; };
		DCC55F5726B9227D00D30F87 /* TheMusicAppTests.swift */ = {isa = PBXFileReference; lastKnownFileType = sourcecode.swift; path = TheMusicAppTests.swift; sourceTree = "<group>"; };
		DCC55F5926B9227D00D30F87 /* Info.plist */ = {isa = PBXFileReference; lastKnownFileType = text.plist.xml; path = Info.plist; sourceTree = "<group>"; };
		DCC55F5E26B9227D00D30F87 /* TheMusicAppUITests.xctest */ = {isa = PBXFileReference; explicitFileType = wrapper.cfbundle; includeInIndex = 0; path = TheMusicAppUITests.xctest; sourceTree = BUILT_PRODUCTS_DIR; };
		DCC55F6226B9227D00D30F87 /* TheMusicAppUITests.swift */ = {isa = PBXFileReference; lastKnownFileType = sourcecode.swift; path = TheMusicAppUITests.swift; sourceTree = "<group>"; };
		DCC55F6426B9227D00D30F87 /* Info.plist */ = {isa = PBXFileReference; lastKnownFileType = text.plist.xml; path = Info.plist; sourceTree = "<group>"; };
		DCC55F7026B922D400D30F87 /* MusicBrain.swift */ = {isa = PBXFileReference; lastKnownFileType = sourcecode.swift; path = MusicBrain.swift; sourceTree = "<group>"; };
		DCC55F7226B9406000D30F87 /* BlurEffect.swift */ = {isa = PBXFileReference; lastKnownFileType = sourcecode.swift; path = BlurEffect.swift; sourceTree = "<group>"; };
		DCC55F7426B94BD300D30F87 /* PlayerView.swift */ = {isa = PBXFileReference; lastKnownFileType = sourcecode.swift; path = PlayerView.swift; sourceTree = "<group>"; };
		DCC55F7826B95E5300D30F87 /* GoogleService-Info.plist */ = {isa = PBXFileReference; fileEncoding = 4; lastKnownFileType = text.plist.xml; path = "GoogleService-Info.plist"; sourceTree = "<group>"; };
		FD100F595D0CF1D1D5EE630B /* Pods-TheMusicAppTests.debug.xcconfig */ = {isa = PBXFileReference; includeInIndex = 1; lastKnownFileType = text.xcconfig; name = "Pods-TheMusicAppTests.debug.xcconfig"; path = "Target Support Files/Pods-TheMusicAppTests/Pods-TheMusicAppTests.debug.xcconfig"; sourceTree = "<group>"; };
/* End PBXFileReference section */

/* Begin PBXFrameworksBuildPhase section */
		DCC55F3F26B9227B00D30F87 /* Frameworks */ = {
			isa = PBXFrameworksBuildPhase;
			buildActionMask = 2147483647;
			files = (
				27DDA6DAB25C795E3B546E49 /* Pods_TheMusicApp.framework in Frameworks */,
			);
			runOnlyForDeploymentPostprocessing = 0;
		};
		DCC55F5026B9227D00D30F87 /* Frameworks */ = {
			isa = PBXFrameworksBuildPhase;
			buildActionMask = 2147483647;
			files = (
				3CD3781C3FEC97970BF7FAA8 /* Pods_TheMusicAppTests.framework in Frameworks */,
			);
			runOnlyForDeploymentPostprocessing = 0;
		};
		DCC55F5B26B9227D00D30F87 /* Frameworks */ = {
			isa = PBXFrameworksBuildPhase;
			buildActionMask = 2147483647;
			files = (
				400989F3A4AFBA0AD1C24C0E /* Pods_TheMusicApp_TheMusicAppUITests.framework in Frameworks */,
			);
			runOnlyForDeploymentPostprocessing = 0;
		};
/* End PBXFrameworksBuildPhase section */

/* Begin PBXGroup section */
		4C4E2865A75EE71B3431ED21 /* Pods */ = {
			isa = PBXGroup;
			children = (
				949E16599171D2B7FA441107 /* Pods-TheMusicApp.debug.xcconfig */,
				0382E05155D6607BA4290C76 /* Pods-TheMusicApp.release.xcconfig */,
				D0DAE3E019F56FA551F4DC08 /* Pods-TheMusicApp-TheMusicAppUITests.debug.xcconfig */,
				26267F8070F2AEA026851428 /* Pods-TheMusicApp-TheMusicAppUITests.release.xcconfig */,
				FD100F595D0CF1D1D5EE630B /* Pods-TheMusicAppTests.debug.xcconfig */,
				AB1B7E75EC8EC38D8B863403 /* Pods-TheMusicAppTests.release.xcconfig */,
			);
			path = Pods;
			sourceTree = "<group>";
		};
		80E84CCFA7D25A5DFE2A502A /* Frameworks */ = {
			isa = PBXGroup;
			children = (
				99B65C44B2FA0F6C54BF8A37 /* Pods_TheMusicApp.framework */,
				222FF561B080F4E953642056 /* Pods_TheMusicApp_TheMusicAppUITests.framework */,
				1677EB6C03A181B73EEC5E8B /* Pods_TheMusicAppTests.framework */,
			);
			name = Frameworks;
			sourceTree = "<group>";
		};
		DCC55F3926B9227B00D30F87 = {
			isa = PBXGroup;
			children = (
				DCC55F4426B9227B00D30F87 /* TheMusicApp */,
				DCC55F5626B9227D00D30F87 /* TheMusicAppTests */,
				DCC55F6126B9227D00D30F87 /* TheMusicAppUITests */,
				DCC55F4326B9227B00D30F87 /* Products */,
				4C4E2865A75EE71B3431ED21 /* Pods */,
				80E84CCFA7D25A5DFE2A502A /* Frameworks */,
			);
			sourceTree = "<group>";
		};
		DCC55F4326B9227B00D30F87 /* Products */ = {
			isa = PBXGroup;
			children = (
				DCC55F4226B9227B00D30F87 /* TheMusicApp.app */,
				DCC55F5326B9227D00D30F87 /* TheMusicAppTests.xctest */,
				DCC55F5E26B9227D00D30F87 /* TheMusicAppUITests.xctest */,
			);
			name = Products;
			sourceTree = "<group>";
		};
		DCC55F4426B9227B00D30F87 /* TheMusicApp */ = {
			isa = PBXGroup;
			children = (
				DCC55F4526B9227B00D30F87 /* TheMusicAppApp.swift */,
				DCC55F4726B9227B00D30F87 /* ContentView.swift */,
				DCA3B76F26B9807E00FC149F /* Data.swift */,
				DCC55F7226B9406000D30F87 /* BlurEffect.swift */,
				DCC55F7026B922D400D30F87 /* MusicBrain.swift */,
				DCC55F7426B94BD300D30F87 /* PlayerView.swift */,
				DCC55F4926B9227D00D30F87 /* Assets.xcassets */,
				DCC55F4E26B9227D00D30F87 /* Info.plist */,
				DCC55F7826B95E5300D30F87 /* GoogleService-Info.plist */,
				DCC55F4B26B9227D00D30F87 /* Preview Content */,
			);
			path = TheMusicApp;
			sourceTree = "<group>";
		};
		DCC55F4B26B9227D00D30F87 /* Preview Content */ = {
			isa = PBXGroup;
			children = (
				DCC55F4C26B9227D00D30F87 /* Preview Assets.xcassets */,
			);
			path = "Preview Content";
			sourceTree = "<group>";
		};
		DCC55F5626B9227D00D30F87 /* TheMusicAppTests */ = {
			isa = PBXGroup;
			children = (
				DCC55F5726B9227D00D30F87 /* TheMusicAppTests.swift */,
				DCC55F5926B9227D00D30F87 /* Info.plist */,
			);
			path = TheMusicAppTests;
			sourceTree = "<group>";
		};
		DCC55F6126B9227D00D30F87 /* TheMusicAppUITests */ = {
			isa = PBXGroup;
			children = (
				DCC55F6226B9227D00D30F87 /* TheMusicAppUITests.swift */,
				DCC55F6426B9227D00D30F87 /* Info.plist */,
			);
			path = TheMusicAppUITests;
			sourceTree = "<group>";
		};
/* End PBXGroup section */

/* Begin PBXNativeTarget section */
		DCC55F4126B9227B00D30F87 /* TheMusicApp */ = {
			isa = PBXNativeTarget;
			buildConfigurationList = DCC55F6726B9227D00D30F87 /* Build configuration list for PBXNativeTarget "TheMusicApp" */;
			buildPhases = (
				236BBF470D32FFE2256A32B3 /* [CP] Check Pods Manifest.lock */,
				DCC55F3E26B9227B00D30F87 /* Sources */,
				DCC55F3F26B9227B00D30F87 /* Frameworks */,
				DCC55F4026B9227B00D30F87 /* Resources */,
				D50F076C0DDC16FAC4983543 /* [CP] Embed Pods Frameworks */,
			);
			buildRules = (
			);
			dependencies = (
			);
			name = TheMusicApp;
			productName = TheMusicApp;
			productReference = DCC55F4226B9227B00D30F87 /* TheMusicApp.app */;
			productType = "com.apple.product-type.application";
		};
		DCC55F5226B9227D00D30F87 /* TheMusicAppTests */ = {
			isa = PBXNativeTarget;
			buildConfigurationList = DCC55F6A26B9227D00D30F87 /* Build configuration list for PBXNativeTarget "TheMusicAppTests" */;
			buildPhases = (
				0673D61AC559CB1848588BAC /* [CP] Check Pods Manifest.lock */,
				DCC55F4F26B9227D00D30F87 /* Sources */,
				DCC55F5026B9227D00D30F87 /* Frameworks */,
				DCC55F5126B9227D00D30F87 /* Resources */,
			);
			buildRules = (
			);
			dependencies = (
				DCC55F5526B9227D00D30F87 /* PBXTargetDependency */,
			);
			name = TheMusicAppTests;
			productName = TheMusicAppTests;
			productReference = DCC55F5326B9227D00D30F87 /* TheMusicAppTests.xctest */;
			productType = "com.apple.product-type.bundle.unit-test";
		};
		DCC55F5D26B9227D00D30F87 /* TheMusicAppUITests */ = {
			isa = PBXNativeTarget;
			buildConfigurationList = DCC55F6D26B9227D00D30F87 /* Build configuration list for PBXNativeTarget "TheMusicAppUITests" */;
			buildPhases = (
				5995D19D2C1EA530F84CB1C1 /* [CP] Check Pods Manifest.lock */,
				DCC55F5A26B9227D00D30F87 /* Sources */,
				DCC55F5B26B9227D00D30F87 /* Frameworks */,
				DCC55F5C26B9227D00D30F87 /* Resources */,
				6814D5CD129CA3DC5E9A9F09 /* [CP] Embed Pods Frameworks */,
			);
			buildRules = (
			);
			dependencies = (
				DCC55F6026B9227D00D30F87 /* PBXTargetDependency */,
			);
			name = TheMusicAppUITests;
			productName = TheMusicAppUITests;
			productReference = DCC55F5E26B9227D00D30F87 /* TheMusicAppUITests.xctest */;
			productType = "com.apple.product-type.bundle.ui-testing";
		};
/* End PBXNativeTarget section */

/* Begin PBXProject section */
		DCC55F3A26B9227B00D30F87 /* Project object */ = {
			isa = PBXProject;
			attributes = {
				LastSwiftUpdateCheck = 1250;
				LastUpgradeCheck = 1250;
				TargetAttributes = {
					DCC55F4126B9227B00D30F87 = {
						CreatedOnToolsVersion = 12.5.1;
					};
					DCC55F5226B9227D00D30F87 = {
						CreatedOnToolsVersion = 12.5.1;
						TestTargetID = DCC55F4126B9227B00D30F87;
					};
					DCC55F5D26B9227D00D30F87 = {
						CreatedOnToolsVersion = 12.5.1;
						TestTargetID = DCC55F4126B9227B00D30F87;
					};
				};
			};
			buildConfigurationList = DCC55F3D26B9227B00D30F87 /* Build configuration list for PBXProject "TheMusicApp" */;
			compatibilityVersion = "Xcode 9.3";
			developmentRegion = en;
			hasScannedForEncodings = 0;
			knownRegions = (
				en,
				Base,
			);
			mainGroup = DCC55F3926B9227B00D30F87;
			productRefGroup = DCC55F4326B9227B00D30F87 /* Products */;
			projectDirPath = "";
			projectRoot = "";
			targets = (
				DCC55F4126B9227B00D30F87 /* TheMusicApp */,
				DCC55F5226B9227D00D30F87 /* TheMusicAppTests */,
				DCC55F5D26B9227D00D30F87 /* TheMusicAppUITests */,
			);
		};
/* End PBXProject section */

/* Begin PBXResourcesBuildPhase section */
		DCC55F4026B9227B00D30F87 /* Resources */ = {
			isa = PBXResourcesBuildPhase;
			buildActionMask = 2147483647;
			files = (
				DCC55F4D26B9227D00D30F87 /* Preview Assets.xcassets in Resources */,
				DCC55F7926B95E5300D30F87 /* GoogleService-Info.plist in Resources */,
				DCC55F4A26B9227D00D30F87 /* Assets.xcassets in Resources */,
			);
			runOnlyForDeploymentPostprocessing = 0;
		};
		DCC55F5126B9227D00D30F87 /* Resources */ = {
			isa = PBXResourcesBuildPhase;
			buildActionMask = 2147483647;
			files = (
			);
			runOnlyForDeploymentPostprocessing = 0;
		};
		DCC55F5C26B9227D00D30F87 /* Resources */ = {
			isa = PBXResourcesBuildPhase;
			buildActionMask = 2147483647;
			files = (
			);
			runOnlyForDeploymentPostprocessing = 0;
		};
/* End PBXResourcesBuildPhase section */

/* Begin PBXShellScriptBuildPhase section */
		0673D61AC559CB1848588BAC /* [CP] Check Pods Manifest.lock */ = {
			isa = PBXShellScriptBuildPhase;
			buildActionMask = 2147483647;
			files = (
			);
			inputFileListPaths = (
			);
			inputPaths = (
				"${PODS_PODFILE_DIR_PATH}/Podfile.lock",
				"${PODS_ROOT}/Manifest.lock",
			);
			name = "[CP] Check Pods Manifest.lock";
			outputFileListPaths = (
			);
			outputPaths = (
				"$(DERIVED_FILE_DIR)/Pods-TheMusicAppTests-checkManifestLockResult.txt",
			);
			runOnlyForDeploymentPostprocessing = 0;
			shellPath = /bin/sh;
			shellScript = "diff \"${PODS_PODFILE_DIR_PATH}/Podfile.lock\" \"${PODS_ROOT}/Manifest.lock\" > /dev/null\nif [ $? != 0 ] ; then\n    # print error to STDERR\n    echo \"error: The sandbox is not in sync with the Podfile.lock. Run 'pod install' or update your CocoaPods installation.\" >&2\n    exit 1\nfi\n# This output is used by Xcode 'outputs' to avoid re-running this script phase.\necho \"SUCCESS\" > \"${SCRIPT_OUTPUT_FILE_0}\"\n";
			showEnvVarsInLog = 0;
		};
		236BBF470D32FFE2256A32B3 /* [CP] Check Pods Manifest.lock */ = {
			isa = PBXShellScriptBuildPhase;
			buildActionMask = 2147483647;
			files = (
			);
			inputFileListPaths = (
			);
			inputPaths = (
				"${PODS_PODFILE_DIR_PATH}/Podfile.lock",
				"${PODS_ROOT}/Manifest.lock",
			);
			name = "[CP] Check Pods Manifest.lock";
			outputFileListPaths = (
			);
			outputPaths = (
				"$(DERIVED_FILE_DIR)/Pods-TheMusicApp-checkManifestLockResult.txt",
			);
			runOnlyForDeploymentPostprocessing = 0;
			shellPath = /bin/sh;
			shellScript = "diff \"${PODS_PODFILE_DIR_PATH}/Podfile.lock\" \"${PODS_ROOT}/Manifest.lock\" > /dev/null\nif [ $? != 0 ] ; then\n    # print error to STDERR\n    echo \"error: The sandbox is not in sync with the Podfile.lock. Run 'pod install' or update your CocoaPods installation.\" >&2\n    exit 1\nfi\n# This output is used by Xcode 'outputs' to avoid re-running this script phase.\necho \"SUCCESS\" > \"${SCRIPT_OUTPUT_FILE_0}\"\n";
			showEnvVarsInLog = 0;
		};
		5995D19D2C1EA530F84CB1C1 /* [CP] Check Pods Manifest.lock */ = {
			isa = PBXShellScriptBuildPhase;
			buildActionMask = 2147483647;
			files = (
			);
			inputFileListPaths = (
			);
			inputPaths = (
				"${PODS_PODFILE_DIR_PATH}/Podfile.lock",
				"${PODS_ROOT}/Manifest.lock",
			);
			name = "[CP] Check Pods Manifest.lock";
			outputFileListPaths = (
			);
			outputPaths = (
				"$(DERIVED_FILE_DIR)/Pods-TheMusicApp-TheMusicAppUITests-checkManifestLockResult.txt",
			);
			runOnlyForDeploymentPostprocessing = 0;
			shellPath = /bin/sh;
			shellScript = "diff \"${PODS_PODFILE_DIR_PATH}/Podfile.lock\" \"${PODS_ROOT}/Manifest.lock\" > /dev/null\nif [ $? != 0 ] ; then\n    # print error to STDERR\n    echo \"error: The sandbox is not in sync with the Podfile.lock. Run 'pod install' or update your CocoaPods installation.\" >&2\n    exit 1\nfi\n# This output is used by Xcode 'outputs' to avoid re-running this script phase.\necho \"SUCCESS\" > \"${SCRIPT_OUTPUT_FILE_0}\"\n";
			showEnvVarsInLog = 0;
		};
		6814D5CD129CA3DC5E9A9F09 /* [CP] Embed Pods Frameworks */ = {
			isa = PBXShellScriptBuildPhase;
			buildActionMask = 2147483647;
			files = (
			);
			inputFileListPaths = (
				"${PODS_ROOT}/Target Support Files/Pods-TheMusicApp-TheMusicAppUITests/Pods-TheMusicApp-TheMusicAppUITests-frameworks-${CONFIGURATION}-input-files.xcfilelist",
			);
			name = "[CP] Embed Pods Frameworks";
			outputFileListPaths = (
				"${PODS_ROOT}/Target Support Files/Pods-TheMusicApp-TheMusicAppUITests/Pods-TheMusicApp-TheMusicAppUITests-frameworks-${CONFIGURATION}-output-files.xcfilelist",
			);
			runOnlyForDeploymentPostprocessing = 0;
			shellPath = /bin/sh;
			shellScript = "\"${PODS_ROOT}/Target Support Files/Pods-TheMusicApp-TheMusicAppUITests/Pods-TheMusicApp-TheMusicAppUITests-frameworks.sh\"\n";
			showEnvVarsInLog = 0;
		};
		D50F076C0DDC16FAC4983543 /* [CP] Embed Pods Frameworks */ = {
			isa = PBXShellScriptBuildPhase;
			buildActionMask = 2147483647;
			files = (
			);
			inputFileListPaths = (
				"${PODS_ROOT}/Target Support Files/Pods-TheMusicApp/Pods-TheMusicApp-frameworks-${CONFIGURATION}-input-files.xcfilelist",
			);
			name = "[CP] Embed Pods Frameworks";
			outputFileListPaths = (
				"${PODS_ROOT}/Target Support Files/Pods-TheMusicApp/Pods-TheMusicApp-frameworks-${CONFIGURATION}-output-files.xcfilelist",
			);
			runOnlyForDeploymentPostprocessing = 0;
			shellPath = /bin/sh;
			shellScript = "\"${PODS_ROOT}/Target Support Files/Pods-TheMusicApp/Pods-TheMusicApp-frameworks.sh\"\n";
			showEnvVarsInLog = 0;
		};
/* End PBXShellScriptBuildPhase section */

/* Begin PBXSourcesBuildPhase section */
		DCC55F3E26B9227B00D30F87 /* Sources */ = {
			isa = PBXSourcesBuildPhase;
			buildActionMask = 2147483647;
			files = (
				DCC55F7126B922D400D30F87 /* MusicBrain.swift in Sources */,
				DCA3B77026B9807E00FC149F /* Data.swift in Sources */,
				DCC55F7326B9406000D30F87 /* BlurEffect.swift in Sources */,
				DCC55F4826B9227B00D30F87 /* ContentView.swift in Sources */,
				DCC55F7526B94BD300D30F87 /* PlayerView.swift in Sources */,
				DCC55F4626B9227B00D30F87 /* TheMusicAppApp.swift in Sources */,
			);
			runOnlyForDeploymentPostprocessing = 0;
		};
		DCC55F4F26B9227D00D30F87 /* Sources */ = {
			isa = PBXSourcesBuildPhase;
			buildActionMask = 2147483647;
			files = (
				DCC55F5826B9227D00D30F87 /* TheMusicAppTests.swift in Sources */,
			);
			runOnlyForDeploymentPostprocessing = 0;
		};
		DCC55F5A26B9227D00D30F87 /* Sources */ = {
			isa = PBXSourcesBuildPhase;
			buildActionMask = 2147483647;
			files = (
				DCC55F6326B9227D00D30F87 /* TheMusicAppUITests.swift in Sources */,
			);
			runOnlyForDeploymentPostprocessing = 0;
		};
/* End PBXSourcesBuildPhase section */

/* Begin PBXTargetDependency section */
		DCC55F5526B9227D00D30F87 /* PBXTargetDependency */ = {
			isa = PBXTargetDependency;
			target = DCC55F4126B9227B00D30F87 /* TheMusicApp */;
			targetProxy = DCC55F5426B9227D00D30F87 /* PBXContainerItemProxy */;
		};
		DCC55F6026B9227D00D30F87 /* PBXTargetDependency */ = {
			isa = PBXTargetDependency;
			target = DCC55F4126B9227B00D30F87 /* TheMusicApp */;
			targetProxy = DCC55F5F26B9227D00D30F87 /* PBXContainerItemProxy */;
		};
/* End PBXTargetDependency section */

/* Begin XCBuildConfiguration section */
		DCC55F6526B9227D00D30F87 /* Debug */ = {
			isa = XCBuildConfiguration;
			buildSettings = {
				ALWAYS_SEARCH_USER_PATHS = NO;
				CLANG_ANALYZER_NONNULL = YES;
				CLANG_ANALYZER_NUMBER_OBJECT_CONVERSION = YES_AGGRESSIVE;
				CLANG_CXX_LANGUAGE_STANDARD = "gnu++14";
				CLANG_CXX_LIBRARY = "libc++";
				CLANG_ENABLE_MODULES = YES;
				CLANG_ENABLE_OBJC_ARC = YES;
				CLANG_ENABLE_OBJC_WEAK = YES;
				CLANG_WARN_BLOCK_CAPTURE_AUTORELEASING = YES;
				CLANG_WARN_BOOL_CONVERSION = YES;
				CLANG_WARN_COMMA = YES;
				CLANG_WARN_CONSTANT_CONVERSION = YES;
				CLANG_WARN_DEPRECATED_OBJC_IMPLEMENTATIONS = YES;
				CLANG_WARN_DIRECT_OBJC_ISA_USAGE = YES_ERROR;
				CLANG_WARN_DOCUMENTATION_COMMENTS = YES;
				CLANG_WARN_EMPTY_BODY = YES;
				CLANG_WARN_ENUM_CONVERSION = YES;
				CLANG_WARN_INFINITE_RECURSION = YES;
				CLANG_WARN_INT_CONVERSION = YES;
				CLANG_WARN_NON_LITERAL_NULL_CONVERSION = YES;
				CLANG_WARN_OBJC_IMPLICIT_RETAIN_SELF = YES;
				CLANG_WARN_OBJC_LITERAL_CONVERSION = YES;
				CLANG_WARN_OBJC_ROOT_CLASS = YES_ERROR;
				CLANG_WARN_QUOTED_INCLUDE_IN_FRAMEWORK_HEADER = YES;
				CLANG_WARN_RANGE_LOOP_ANALYSIS = YES;
				CLANG_WARN_STRICT_PROTOTYPES = YES;
				CLANG_WARN_SUSPICIOUS_MOVE = YES;
				CLANG_WARN_UNGUARDED_AVAILABILITY = YES_AGGRESSIVE;
				CLANG_WARN_UNREACHABLE_CODE = YES;
				CLANG_WARN__DUPLICATE_METHOD_MATCH = YES;
				COPY_PHASE_STRIP = NO;
				DEBUG_INFORMATION_FORMAT = dwarf;
				ENABLE_STRICT_OBJC_MSGSEND = YES;
				ENABLE_TESTABILITY = YES;
				GCC_C_LANGUAGE_STANDARD = gnu11;
				GCC_DYNAMIC_NO_PIC = NO;
				GCC_NO_COMMON_BLOCKS = YES;
				GCC_OPTIMIZATION_LEVEL = 0;
				GCC_PREPROCESSOR_DEFINITIONS = (
					"DEBUG=1",
					"$(inherited)",
				);
				GCC_WARN_64_TO_32_BIT_CONVERSION = YES;
				GCC_WARN_ABOUT_RETURN_TYPE = YES_ERROR;
				GCC_WARN_UNDECLARED_SELECTOR = YES;
				GCC_WARN_UNINITIALIZED_AUTOS = YES_AGGRESSIVE;
				GCC_WARN_UNUSED_FUNCTION = YES;
				GCC_WARN_UNUSED_VARIABLE = YES;
				IPHONEOS_DEPLOYMENT_TARGET = 14.5;
				MTL_ENABLE_DEBUG_INFO = INCLUDE_SOURCE;
				MTL_FAST_MATH = YES;
				ONLY_ACTIVE_ARCH = YES;
				SDKROOT = iphoneos;
				SWIFT_ACTIVE_COMPILATION_CONDITIONS = DEBUG;
				SWIFT_OPTIMIZATION_LEVEL = "-Onone";
			};
			name = Debug;
		};
		DCC55F6626B9227D00D30F87 /* Release */ = {
			isa = XCBuildConfiguration;
			buildSettings = {
				ALWAYS_SEARCH_USER_PATHS = NO;
				CLANG_ANALYZER_NONNULL = YES;
				CLANG_ANALYZER_NUMBER_OBJECT_CONVERSION = YES_AGGRESSIVE;
				CLANG_CXX_LANGUAGE_STANDARD = "gnu++14";
				CLANG_CXX_LIBRARY = "libc++";
				CLANG_ENABLE_MODULES = YES;
				CLANG_ENABLE_OBJC_ARC = YES;
				CLANG_ENABLE_OBJC_WEAK = YES;
				CLANG_WARN_BLOCK_CAPTURE_AUTORELEASING = YES;
				CLANG_WARN_BOOL_CONVERSION = YES;
				CLANG_WARN_COMMA = YES;
				CLANG_WARN_CONSTANT_CONVERSION = YES;
				CLANG_WARN_DEPRECATED_OBJC_IMPLEMENTATIONS = YES;
				CLANG_WARN_DIRECT_OBJC_ISA_USAGE = YES_ERROR;
				CLANG_WARN_DOCUMENTATION_COMMENTS = YES;
				CLANG_WARN_EMPTY_BODY = YES;
				CLANG_WARN_ENUM_CONVERSION = YES;
				CLANG_WARN_INFINITE_RECURSION = YES;
				CLANG_WARN_INT_CONVERSION = YES;
				CLANG_WARN_NON_LITERAL_NULL_CONVERSION = YES;
				CLANG_WARN_OBJC_IMPLICIT_RETAIN_SELF = YES;
				CLANG_WARN_OBJC_LITERAL_CONVERSION = YES;
				CLANG_WARN_OBJC_ROOT_CLASS = YES_ERROR;
				CLANG_WARN_QUOTED_INCLUDE_IN_FRAMEWORK_HEADER = YES;
				CLANG_WARN_RANGE_LOOP_ANALYSIS = YES;
				CLANG_WARN_STRICT_PROTOTYPES = YES;
				CLANG_WARN_SUSPICIOUS_MOVE = YES;
				CLANG_WARN_UNGUARDED_AVAILABILITY = YES_AGGRESSIVE;
				CLANG_WARN_UNREACHABLE_CODE = YES;
				CLANG_WARN__DUPLICATE_METHOD_MATCH = YES;
				COPY_PHASE_STRIP = NO;
				DEBUG_INFORMATION_FORMAT = "dwarf-with-dsym";
				ENABLE_NS_ASSERTIONS = NO;
				ENABLE_STRICT_OBJC_MSGSEND = YES;
				GCC_C_LANGUAGE_STANDARD = gnu11;
				GCC_NO_COMMON_BLOCKS = YES;
				GCC_WARN_64_TO_32_BIT_CONVERSION = YES;
				GCC_WARN_ABOUT_RETURN_TYPE = YES_ERROR;
				GCC_WARN_UNDECLARED_SELECTOR = YES;
				GCC_WARN_UNINITIALIZED_AUTOS = YES_AGGRESSIVE;
				GCC_WARN_UNUSED_FUNCTION = YES;
				GCC_WARN_UNUSED_VARIABLE = YES;
				IPHONEOS_DEPLOYMENT_TARGET = 14.5;
				MTL_ENABLE_DEBUG_INFO = NO;
				MTL_FAST_MATH = YES;
				SDKROOT = iphoneos;
				SWIFT_COMPILATION_MODE = wholemodule;
				SWIFT_OPTIMIZATION_LEVEL = "-O";
				VALIDATE_PRODUCT = YES;
			};
			name = Release;
		};
		DCC55F6826B9227D00D30F87 /* Debug */ = {
			isa = XCBuildConfiguration;
			baseConfigurationReference = 949E16599171D2B7FA441107 /* Pods-TheMusicApp.debug.xcconfig */;
			buildSettings = {
				ASSETCATALOG_COMPILER_APPICON_NAME = AppIcon;
				ASSETCATALOG_COMPILER_GLOBAL_ACCENT_COLOR_NAME = AccentColor;
				CODE_SIGN_STYLE = Automatic;
				DEVELOPMENT_ASSET_PATHS = "\"TheMusicApp/Preview Content\"";
				ENABLE_PREVIEWS = YES;
				INFOPLIST_FILE = TheMusicApp/Info.plist;
				IPHONEOS_DEPLOYMENT_TARGET = 14.0;
				LD_RUNPATH_SEARCH_PATHS = (
					"$(inherited)",
					"@executable_path/Frameworks",
				);
				PRODUCT_BUNDLE_IDENTIFIER = com.abmh.TheMusicApp;
				PRODUCT_NAME = "$(TARGET_NAME)";
				SWIFT_VERSION = 5.0;
				TARGETED_DEVICE_FAMILY = "1,2";
			};
			name = Debug;
		};
		DCC55F6926B9227D00D30F87 /* Release */ = {
			isa = XCBuildConfiguration;
			baseConfigurationReference = 0382E05155D6607BA4290C76 /* Pods-TheMusicApp.release.xcconfig */;
			buildSettings = {
				ASSETCATALOG_COMPILER_APPICON_NAME = AppIcon;
				ASSETCATALOG_COMPILER_GLOBAL_ACCENT_COLOR_NAME = AccentColor;
				CODE_SIGN_STYLE = Automatic;
				DEVELOPMENT_ASSET_PATHS = "\"TheMusicApp/Preview Content\"";
				ENABLE_PREVIEWS = YES;
				INFOPLIST_FILE = TheMusicApp/Info.plist;
				IPHONEOS_DEPLOYMENT_TARGET = 14.0;
				LD_RUNPATH_SEARCH_PATHS = (
					"$(inherited)",
					"@executable_path/Frameworks",
				);
				PRODUCT_BUNDLE_IDENTIFIER = com.abmh.TheMusicApp;
				PRODUCT_NAME = "$(TARGET_NAME)";
				SWIFT_VERSION = 5.0;
				TARGETED_DEVICE_FAMILY = "1,2";
			};
			name = Release;
		};
		DCC55F6B26B9227D00D30F87 /* Debug */ = {
			isa = XCBuildConfiguration;
			baseConfigurationReference = FD100F595D0CF1D1D5EE630B /* Pods-TheMusicAppTests.debug.xcconfig */;
			buildSettings = {
				ALWAYS_EMBED_SWIFT_STANDARD_LIBRARIES = YES;
				BUNDLE_LOADER = "$(TEST_HOST)";
				CODE_SIGN_STYLE = Automatic;
				INFOPLIST_FILE = TheMusicAppTests/Info.plist;
				IPHONEOS_DEPLOYMENT_TARGET = 14.0;
				LD_RUNPATH_SEARCH_PATHS = (
					"$(inherited)",
					"@executable_path/Frameworks",
					"@loader_path/Frameworks",
				);
				PRODUCT_BUNDLE_IDENTIFIER = com.abmh.TheMusicAppTests;
				PRODUCT_NAME = "$(TARGET_NAME)";
				SWIFT_VERSION = 5.0;
				TARGETED_DEVICE_FAMILY = "1,2";
				TEST_HOST = "$(BUILT_PRODUCTS_DIR)/TheMusicApp.app/TheMusicApp";
			};
			name = Debug;
		};
		DCC55F6C26B9227D00D30F87 /* Release */ = {
			isa = XCBuildConfiguration;
			baseConfigurationReference = AB1B7E75EC8EC38D8B863403 /* Pods-TheMusicAppTests.release.xcconfig */;
			buildSettings = {
				ALWAYS_EMBED_SWIFT_STANDARD_LIBRARIES = YES;
				BUNDLE_LOADER = "$(TEST_HOST)";
				CODE_SIGN_STYLE = Automatic;
				INFOPLIST_FILE = TheMusicAppTests/Info.plist;
				IPHONEOS_DEPLOYMENT_TARGET = 14.0;
				LD_RUNPATH_SEARCH_PATHS = (
					"$(inherited)",
					"@executable_path/Frameworks",
					"@loader_path/Frameworks",
				);
				PRODUCT_BUNDLE_IDENTIFIER = com.abmh.TheMusicAppTests;
				PRODUCT_NAME = "$(TARGET_NAME)";
				SWIFT_VERSION = 5.0;
				TARGETED_DEVICE_FAMILY = "1,2";
				TEST_HOST = "$(BUILT_PRODUCTS_DIR)/TheMusicApp.app/TheMusicApp";
			};
			name = Release;
		};
		DCC55F6E26B9227D00D30F87 /* Debug */ = {
			isa = XCBuildConfiguration;
			baseConfigurationReference = D0DAE3E019F56FA551F4DC08 /* Pods-TheMusicApp-TheMusicAppUITests.debug.xcconfig */;
			buildSettings = {
				ALWAYS_EMBED_SWIFT_STANDARD_LIBRARIES = YES;
				CODE_SIGN_STYLE = Automatic;
				INFOPLIST_FILE = TheMusicAppUITests/Info.plist;
				LD_RUNPATH_SEARCH_PATHS = (
					"$(inherited)",
					"@executable_path/Frameworks",
					"@loader_path/Frameworks",
				);
				PRODUCT_BUNDLE_IDENTIFIER = com.abmh.TheMusicAppUITests;
				PRODUCT_NAME = "$(TARGET_NAME)";
				SWIFT_VERSION = 5.0;
				TARGETED_DEVICE_FAMILY = "1,2";
				TEST_TARGET_NAME = TheMusicApp;
			};
			name = Debug;
		};
		DCC55F6F26B9227D00D30F87 /* Release */ = {
			isa = XCBuildConfiguration;
			baseConfigurationReference = 26267F8070F2AEA026851428 /* Pods-TheMusicApp-TheMusicAppUITests.release.xcconfig */;
			buildSettings = {
				ALWAYS_EMBED_SWIFT_STANDARD_LIBRARIES = YES;
				CODE_SIGN_STYLE = Automatic;
				INFOPLIST_FILE = TheMusicAppUITests/Info.plist;
				LD_RUNPATH_SEARCH_PATHS = (
					"$(inherited)",
					"@executable_path/Frameworks",
					"@loader_path/Frameworks",
				);
				PRODUCT_BUNDLE_IDENTIFIER = com.abmh.TheMusicAppUITests;
				PRODUCT_NAME = "$(TARGET_NAME)";
				SWIFT_VERSION = 5.0;
				TARGETED_DEVICE_FAMILY = "1,2";
				TEST_TARGET_NAME = TheMusicApp;
			};
			name = Release;
		};
/* End XCBuildConfiguration section */

/* Begin XCConfigurationList section */
		DCC55F3D26B9227B00D30F87 /* Build configuration list for PBXProject "TheMusicApp" */ = {
			isa = XCConfigurationList;
			buildConfigurations = (
				DCC55F6526B9227D00D30F87 /* Debug */,
				DCC55F6626B9227D00D30F87 /* Release */,
			);
			defaultConfigurationIsVisible = 0;
			defaultConfigurationName = Release;
		};
		DCC55F6726B9227D00D30F87 /* Build configuration list for PBXNativeTarget "TheMusicApp" */ = {
			isa = XCConfigurationList;
			buildConfigurations = (
				DCC55F6826B9227D00D30F87 /* Debug */,
				DCC55F6926B9227D00D30F87 /* Release */,
			);
			defaultConfigurationIsVisible = 0;
			defaultConfigurationName = Release;
		};
		DCC55F6A26B9227D00D30F87 /* Build configuration list for PBXNativeTarget "TheMusicAppTests" */ = {
			isa = XCConfigurationList;
			buildConfigurations = (
				DCC55F6B26B9227D00D30F87 /* Debug */,
				DCC55F6C26B9227D00D30F87 /* Release */,
			);
			defaultConfigurationIsVisible = 0;
			defaultConfigurationName = Release;
		};
		DCC55F6D26B9227D00D30F87 /* Build configuration list for PBXNativeTarget "TheMusicAppUITests" */ = {
			isa = XCConfigurationList;
			buildConfigurations = (
				DCC55F6E26B9227D00D30F87 /* Debug */,
				DCC55F6F26B9227D00D30F87 /* Release */,
			);
			defaultConfigurationIsVisible = 0;
			defaultConfigurationName = Release;
		};
/* End XCConfigurationList section */
	};
	rootObject = DCC55F3A26B9227B00D30F87 /* Project object */;
}
